
Microsoft Visual Studio Solution File, Format Version 12.00
# Visual Studio Version 16
VisualStudioVersion = 16.0.29613.14
MinimumVisualStudioVersion = 10.0.40219.1
Project("{FAE04EC0-301F-11D3-BF4B-00C04F79EFBC}") = "JKS_2020_NEW", "JKS_2020_NEW.csproj", "{F823C7B8-E72B-446C-812A-0F0F6BFE770E}"
EndProject
Global
	GlobalSection(SolutionConfigurationPlatforms) = preSolution
		Debug|Any CPU = Debug|Any CPU
		Release|Any CPU = Release|Any CPU
	EndGlobalSection
	GlobalSection(ProjectConfigurationPlatforms) = postSolution
		{F823C7B8-E72B-446C-812A-0F0F6BFE770E}.Debug|Any CPU.ActiveCfg = Debug|Any CPU
		{F823C7B8-E72B-446C-812A-0F0F6BFE770E}.Debug|Any CPU.Build.0 = Debug|Any CPU
		{F823C7B8-E72B-446C-812A-0F0F6BFE770E}.Release|Any CPU.ActiveCfg = Release|Any CPU
		{F823C7B8-E72B-446C-812A-0F0F6BFE770E}.Release|Any CPU.Build.0 = Release|Any CPU
	EndGlobalSection
	GlobalSection(SolutionProperties) = preSolution
		HideSolutionNode = FALSE
	EndGlobalSection
	GlobalSection(ExtensibilityGlobals) = postSolution
		SolutionGuid = {5F09675E-F3B0-4F62-A172-F2CA92E6FF33}
	EndGlobalSection
EndGlobal
